
Microsoft Visual Studio Solution File, Format Version 12.00
# Visual Studio Version 17
VisualStudioVersion = 17.3.32811.315
MinimumVisualStudioVersion = 10.0.40219.1
Project("{FAE04EC0-301F-11D3-BF4B-00C04F79EFBC}") = "Pruebas", "Pruebas.csproj", "{2AF4C5CD-355B-4BDC-AE33-47EE17893EC2}"
EndProject
Global
	GlobalSection(SolutionConfigurationPlatforms) = preSolution
		Debug|Any CPU = Debug|Any CPU
		Release|Any CPU = Release|Any CPU
	EndGlobalSection
	GlobalSection(ProjectConfigurationPlatforms) = postSolution
		{2AF4C5CD-355B-4BDC-AE33-47EE17893EC2}.Debug|Any CPU.ActiveCfg = Debug|Any CPU
		{2AF4C5CD-355B-4BDC-AE33-47EE17893EC2}.Debug|Any CPU.Build.0 = Debug|Any CPU
		{2AF4C5CD-355B-4BDC-AE33-47EE17893EC2}.Release|Any CPU.ActiveCfg = Release|Any CPU
		{2AF4C5CD-355B-4BDC-AE33-47EE17893EC2}.Release|Any CPU.Build.0 = Release|Any CPU
	EndGlobalSection
	GlobalSection(SolutionProperties) = preSolution
		HideSolutionNode = FALSE
	EndGlobalSection
	GlobalSection(ExtensibilityGlobals) = postSolution
		SolutionGuid = {59F8FEF8-879C-47FA-9BA0-A1F31877EF36}
	EndGlobalSection
EndGlobal
